
Microsoft Visual Studio Solution File, Format Version 12.00
# Visual Studio Version 16
VisualStudioVersion = 25.0.1704.4
MinimumVisualStudioVersion = 10.0.40219.1
Project("{FAE04EC0-301F-11D3-BF4B-00C04F79EFBC}") = "EmpCompute", "EmpCompute\EmpCompute.csproj", "{F7E7C35A-E444-4855-A260-A90800C68366}"
EndProject
Project("{FAE04EC0-301F-11D3-BF4B-00C04F79EFBC}") = "EmpCompute.Entity", "EmpCompute.Entity\EmpCompute.Entity.csproj", "{7244C868-E4D2-464D-B75A-AD63247C95F9}"
EndProject
Global
	GlobalSection(SolutionConfigurationPlatforms) = preSolution
		Debug|Any CPU = Debug|Any CPU
		Release|Any CPU = Release|Any CPU
	EndGlobalSection
	GlobalSection(ProjectConfigurationPlatforms) = postSolution
		{F7E7C35A-E444-4855-A260-A90800C68366}.Debug|Any CPU.ActiveCfg = Debug|Any CPU
		{F7E7C35A-E444-4855-A260-A90800C68366}.Debug|Any CPU.Build.0 = Debug|Any CPU
		{F7E7C35A-E444-4855-A260-A90800C68366}.Release|Any CPU.ActiveCfg = Release|Any CPU
		{F7E7C35A-E444-4855-A260-A90800C68366}.Release|Any CPU.Build.0 = Release|Any CPU
		{7244C868-E4D2-464D-B75A-AD63247C95F9}.Debug|Any CPU.ActiveCfg = Debug|Any CPU
		{7244C868-E4D2-464D-B75A-AD63247C95F9}.Debug|Any CPU.Build.0 = Debug|Any CPU
		{7244C868-E4D2-464D-B75A-AD63247C95F9}.Release|Any CPU.ActiveCfg = Release|Any CPU
		{7244C868-E4D2-464D-B75A-AD63247C95F9}.Release|Any CPU.Build.0 = Release|Any CPU
	EndGlobalSection
	GlobalSection(SolutionProperties) = preSolution
		HideSolutionNode = FALSE
	EndGlobalSection
	GlobalSection(ExtensibilityGlobals) = postSolution
		SolutionGuid = {CC1ED817-3F8D-4424-B825-AD18DE0373A5}
	EndGlobalSection
EndGlobal
